PODS:
  - Alamofire (4.8.2)
  - KRPullLoader (1.2.0)
  - SDWebImage (5.0.1):
    - SDWebImage/Core (= 5.0.1)
  - SDWebImage/Core (5.0.1)
  - SwiftSoup (1.7.4)
  - SwiftyJSON (4.3.0)

DEPENDENCIES:
  - Alamofire
  - KRPullLoader
  - SDWebImage
  - SwiftSoup
  - SwiftyJSON

SPEC REPOS:
  https://github.com/cocoapods/specs.git:
    - Alamofire
    - KRPullLoader
    - SDWebImage
    - SwiftSoup
    - SwiftyJSON

SPEC CHECKSUMS:
  Alamofire: ae5c501addb7afdbb13687d7f2f722c78734c2d3
  KRPullLoader: 58617a4d2d6c08bec489c05691fcda328041416c
  SDWebImage: 27dd2c9ea07a2252f94557c9fbb6105ee94b74c9
  SwiftSoup: 92f5b348c131aed8af04f4326db1579ab19fa08c
  SwiftyJSON: 6faa0040f8b59dead0ee07436cbf76b73c08fd08

PODFILE CHECKSUM: 905107aac9417f85511bde46452d153592b6e07c

COCOAPODS: 1.5.3
