// !$*UTF8*$!
{
	archiveVersion = 1;
	classes = {
	};
	objectVersion = 50;
	objects = {

/* Begin PBXBuildFile section */
		013D9DF5B33DF7671CF5551D /* Pods_MyMot.framework in Frameworks */ = {isa = PBXBuildFile; fileRef = B09040197D89841FC6473A72 /* Pods_MyMot.framework */; };
		8E0012BA225B3A930034E8BB /* CoreDataManager+Locations.swift in Sources */ = {isa = PBXBuildFile; fileRef = 8E0012B9225B3A930034E8BB /* CoreDataManager+Locations.swift */; };
		8E0012BC225B3B080034E8BB /* Category.swift in Sources */ = {isa = PBXBuildFile; fileRef = 8E0012BB225B3B080034E8BB /* Category.swift */; };
		8E0012BF225B3B940034E8BB /* CoreDataManager+Categories.swift in Sources */ = {isa = PBXBuildFile; fileRef = 8E0012BE225B3B940034E8BB /* CoreDataManager+Categories.swift */; };
		8E0012C1225B3E800034E8BB /* CoreDataManager+Models.swift in Sources */ = {isa = PBXBuildFile; fileRef = 8E0012C0225B3E800034E8BB /* CoreDataManager+Models.swift */; };
		8E0012C3225B3EF60034E8BB /* Model.swift in Sources */ = {isa = PBXBuildFile; fileRef = 8E0012C2225B3EF60034E8BB /* Model.swift */; };
		8E0012C5225B41A80034E8BB /* CoreDataManager+Manufacturer.swift in Sources */ = {isa = PBXBuildFile; fileRef = 8E0012C4225B41A80034E8BB /* CoreDataManager+Manufacturer.swift */; };
		8E0012C7225B42A70034E8BB /* Manufacturer.swift in Sources */ = {isa = PBXBuildFile; fileRef = 8E0012C6225B42A70034E8BB /* Manufacturer.swift */; };
		8E0FB2F2225B967B001753C4 /* UIView.swift in Sources */ = {isa = PBXBuildFile; fileRef = 8E0FB2F1225B967B001753C4 /* UIView.swift */; };
		8E0FB2F5225B989F001753C4 /* CatalogSlideCell.swift in Sources */ = {isa = PBXBuildFile; fileRef = 8E0FB2F3225B989F001753C4 /* CatalogSlideCell.swift */; };
		8E0FB2F6225B989F001753C4 /* CatalogSlideCell.xib in Resources */ = {isa = PBXBuildFile; fileRef = 8E0FB2F4225B989F001753C4 /* CatalogSlideCell.xib */; };
		8E0FB2F8225B9C79001753C4 /* CellTypes.swift in Sources */ = {isa = PBXBuildFile; fileRef = 8E0FB2F7225B9C79001753C4 /* CellTypes.swift */; };
		8E0FB2FB225B9DB2001753C4 /* CellProtocols.swift in Sources */ = {isa = PBXBuildFile; fileRef = 8E0FB2FA225B9DB2001753C4 /* CellProtocols.swift */; };
		8E0FB2FF225BA0F7001753C4 /* UIScreen.swift in Sources */ = {isa = PBXBuildFile; fileRef = 8E0FB2FE225BA0F7001753C4 /* UIScreen.swift */; };
		8E0FB301225BA2CD001753C4 /* Cell.swift in Sources */ = {isa = PBXBuildFile; fileRef = 8E0FB300225BA2CD001753C4 /* Cell.swift */; };
		8E0FB303225BA2F8001753C4 /* Section.swift in Sources */ = {isa = PBXBuildFile; fileRef = 8E0FB302225BA2F8001753C4 /* Section.swift */; };
		8E0FB305225BA368001753C4 /* DataSource.swift in Sources */ = {isa = PBXBuildFile; fileRef = 8E0FB304225BA368001753C4 /* DataSource.swift */; };
		8E0FB308225BA3B2001753C4 /* TableView.swift in Sources */ = {isa = PBXBuildFile; fileRef = 8E0FB307225BA3B2001753C4 /* TableView.swift */; };
		8E0FB30D225C7AE8001753C4 /* UIImageView.swift in Sources */ = {isa = PBXBuildFile; fileRef = 8E0FB30C225C7AE8001753C4 /* UIImageView.swift */; };
		8E0FB322225E066E001753C4 /* UniversalViewController.swift in Sources */ = {isa = PBXBuildFile; fileRef = 8E0FB321225E066E001753C4 /* UniversalViewController.swift */; };
		8E0FB324225E0BA0001753C4 /* CatalogByClassViewController.swift in Sources */ = {isa = PBXBuildFile; fileRef = 8E0FB323225E0BA0001753C4 /* CatalogByClassViewController.swift */; };
		8E0FB326225E0D04001753C4 /* CatalogByManufacturerViewController.swift in Sources */ = {isa = PBXBuildFile; fileRef = 8E0FB325225E0D04001753C4 /* CatalogByManufacturerViewController.swift */; };
		8E0FB329225E0D78001753C4 /* CatalogSliderCell.swift in Sources */ = {isa = PBXBuildFile; fileRef = 8E0FB327225E0D78001753C4 /* CatalogSliderCell.swift */; };
		8E0FB32A225E0D78001753C4 /* CatalogSliderCell.xib in Resources */ = {isa = PBXBuildFile; fileRef = 8E0FB328225E0D78001753C4 /* CatalogSliderCell.xib */; };
		8E0FB32E225E3B60001753C4 /* CatalogModelViewController.swift in Sources */ = {isa = PBXBuildFile; fileRef = 8E0FB32C225E3B60001753C4 /* CatalogModelViewController.swift */; };
		8E0FB32F225E3B60001753C4 /* CatalogModelViewController.xib in Resources */ = {isa = PBXBuildFile; fileRef = 8E0FB32D225E3B60001753C4 /* CatalogModelViewController.xib */; };
		8E3E9356226ECA9D006573FA /* CollectionView.swift in Sources */ = {isa = PBXBuildFile; fileRef = 8E3E9355226ECA9D006573FA /* CollectionView.swift */; };
		8E3E9359226ECE7A006573FA /* SearchFeedCell.swift in Sources */ = {isa = PBXBuildFile; fileRef = 8E3E9357226ECE7A006573FA /* SearchFeedCell.swift */; };
		8E3E935A226ECE7A006573FA /* SearchFeedCell.xib in Resources */ = {isa = PBXBuildFile; fileRef = 8E3E9358226ECE7A006573FA /* SearchFeedCell.xib */; };
		8E627B32226EEA5900B44FC6 /* HtmlParser.swift in Sources */ = {isa = PBXBuildFile; fileRef = 8E627B31226EEA5900B44FC6 /* HtmlParser.swift */; };
		8E627B34226EEC5500B44FC6 /* Advert.swift in Sources */ = {isa = PBXBuildFile; fileRef = 8E627B33226EEC5500B44FC6 /* Advert.swift */; };
		8E627B36226EED5B00B44FC6 /* CoreDataManager+Adverts.swift in Sources */ = {isa = PBXBuildFile; fileRef = 8E627B35226EED5B00B44FC6 /* CoreDataManager+Adverts.swift */; };
		8E627B38226EF5AF00B44FC6 /* NSError.swift in Sources */ = {isa = PBXBuildFile; fileRef = 8E627B37226EF5AF00B44FC6 /* NSError.swift */; };
		8E627B3A226EFAE400B44FC6 /* SitesInteractor.swift in Sources */ = {isa = PBXBuildFile; fileRef = 8E627B39226EFAE400B44FC6 /* SitesInteractor.swift */; };
		8E627B43226F5D7600B44FC6 /* CollectionTitleCell.swift in Sources */ = {isa = PBXBuildFile; fileRef = 8E627B41226F5D7600B44FC6 /* CollectionTitleCell.swift */; };
		8E627B44226F5D7600B44FC6 /* CollectionTitleCell.xib in Resources */ = {isa = PBXBuildFile; fileRef = 8E627B42226F5D7600B44FC6 /* CollectionTitleCell.xib */; };
		8EA0FA1D2260CBA000C18BE3 /* String.swift in Sources */ = {isa = PBXBuildFile; fileRef = 8EA0FA1C2260CBA000C18BE3 /* String.swift */; };
		8EA0FA1F2260CE1400C18BE3 /* ImagesSliderView.swift in Sources */ = {isa = PBXBuildFile; fileRef = 8EA0FA1E2260CE1400C18BE3 /* ImagesSliderView.swift */; };
		8EA339A4226199270038863C /* CategoryAboutCell.swift in Sources */ = {isa = PBXBuildFile; fileRef = 8EA339A2226199270038863C /* CategoryAboutCell.swift */; };
		8EA339A5226199270038863C /* CategoryAboutCell.xib in Resources */ = {isa = PBXBuildFile; fileRef = 8EA339A3226199270038863C /* CategoryAboutCell.xib */; };
		8EA5251B226618ED005D342E /* FilterViewController.swift in Sources */ = {isa = PBXBuildFile; fileRef = 8EA52519226618ED005D342E /* FilterViewController.swift */; };
		8EA5251C226618ED005D342E /* FilterViewController.xib in Resources */ = {isa = PBXBuildFile; fileRef = 8EA5251A226618ED005D342E /* FilterViewController.xib */; };
		8EA5251F22661F66005D342E /* SetPriceCell.swift in Sources */ = {isa = PBXBuildFile; fileRef = 8EA5251D22661F66005D342E /* SetPriceCell.swift */; };
		8EA5252022661F66005D342E /* SetPriceCell.xib in Resources */ = {isa = PBXBuildFile; fileRef = 8EA5251E22661F66005D342E /* SetPriceCell.xib */; };
		8EAD9E202269BF6500B34BEF /* KeyboardManager.swift in Sources */ = {isa = PBXBuildFile; fileRef = 8EAD9E1F2269BF6500B34BEF /* KeyboardManager.swift */; };
		8EAF5F412267961E00C5F02B /* UIImage.swift in Sources */ = {isa = PBXBuildFile; fileRef = 8EAF5F402267961E00C5F02B /* UIImage.swift */; };
		8EAF5F43226797A700C5F02B /* FilterRegionsViewController.swift in Sources */ = {isa = PBXBuildFile; fileRef = 8EAF5F42226797A700C5F02B /* FilterRegionsViewController.swift */; };
		8EAF5F45226797BA00C5F02B /* FilterModelsViewController.swift in Sources */ = {isa = PBXBuildFile; fileRef = 8EAF5F44226797BA00C5F02B /* FilterModelsViewController.swift */; };
		8EAF5F4722679DBB00C5F02B /* CellAccessoryType.swift in Sources */ = {isa = PBXBuildFile; fileRef = 8EAF5F4622679DBB00C5F02B /* CellAccessoryType.swift */; };
		8EC6240622538F4600E122F8 /* AppDelegate.swift in Sources */ = {isa = PBXBuildFile; fileRef = 8EC6240522538F4600E122F8 /* AppDelegate.swift */; };
		8EC6240B22538F4600E122F8 /* Main.storyboard in Resources */ = {isa = PBXBuildFile; fileRef = 8EC6240922538F4600E122F8 /* Main.storyboard */; };
		8EC6241022538F4A00E122F8 /* Assets.xcassets in Resources */ = {isa = PBXBuildFile; fileRef = 8EC6240F22538F4A00E122F8 /* Assets.xcassets */; };
		8EC6241322538F4A00E122F8 /* LaunchScreen.storyboard in Resources */ = {isa = PBXBuildFile; fileRef = 8EC6241122538F4A00E122F8 /* LaunchScreen.storyboard */; };
		8EC6241F225393EA00E122F8 /* Sources.swift in Sources */ = {isa = PBXBuildFile; fileRef = 8EC6241E225393EA00E122F8 /* Sources.swift */; };
		8EC624252253963F00E122F8 /* Endpoints.swift in Sources */ = {isa = PBXBuildFile; fileRef = 8EC624242253963F00E122F8 /* Endpoints.swift */; };
		8EC624272253970E00E122F8 /* URL.swift in Sources */ = {isa = PBXBuildFile; fileRef = 8EC624262253970E00E122F8 /* URL.swift */; };
		8EC62429225399DE00E122F8 /* NetworkService.swift in Sources */ = {isa = PBXBuildFile; fileRef = 8EC62428225399DE00E122F8 /* NetworkService.swift */; };
		8EC6242D2253A1D800E122F8 /* UIColor.swift in Sources */ = {isa = PBXBuildFile; fileRef = 8EC6242C2253A1D800E122F8 /* UIColor.swift */; };
		8EC6242F2253A45E00E122F8 /* CatalogViewController.swift in Sources */ = {isa = PBXBuildFile; fileRef = 8EC6242E2253A45E00E122F8 /* CatalogViewController.swift */; };
		8EC624312253A47200E122F8 /* SearchViewController.swift in Sources */ = {isa = PBXBuildFile; fileRef = 8EC624302253A47200E122F8 /* SearchViewController.swift */; };
		8EC624342253A48500E122F8 /* FavouritesViewController.swift in Sources */ = {isa = PBXBuildFile; fileRef = 8EC624332253A48500E122F8 /* FavouritesViewController.swift */; };
		8EC624372253AAA100E122F8 /* ModelsListCell.swift in Sources */ = {isa = PBXBuildFile; fileRef = 8EC624352253AAA100E122F8 /* ModelsListCell.swift */; };
		8EC624382253AAA100E122F8 /* ModelsListCell.xib in Resources */ = {isa = PBXBuildFile; fileRef = 8EC624362253AAA100E122F8 /* ModelsListCell.xib */; };
		8EC6243B2253AACA00E122F8 /* AdvertsListCell.swift in Sources */ = {isa = PBXBuildFile; fileRef = 8EC624392253AACA00E122F8 /* AdvertsListCell.swift */; };
		8EC6243C2253AACA00E122F8 /* AdvertsListCell.xib in Resources */ = {isa = PBXBuildFile; fileRef = 8EC6243A2253AACA00E122F8 /* AdvertsListCell.xib */; };
		8EC6243F2253AB3200E122F8 /* SimpleCell.swift in Sources */ = {isa = PBXBuildFile; fileRef = 8EC6243D2253AB3200E122F8 /* SimpleCell.swift */; };
		8EC624402253AB3200E122F8 /* SimpleCell.xib in Resources */ = {isa = PBXBuildFile; fileRef = 8EC6243E2253AB3200E122F8 /* SimpleCell.xib */; };
		8EC624432253ABF000E122F8 /* LoadingViewController.swift in Sources */ = {isa = PBXBuildFile; fileRef = 8EC624412253ABF000E122F8 /* LoadingViewController.swift */; };
		8EC624442253ABF000E122F8 /* LoadingViewController.xib in Resources */ = {isa = PBXBuildFile; fileRef = 8EC624422253ABF000E122F8 /* LoadingViewController.xib */; };
		8EC624472254F12D00E122F8 /* Progress.ttf in Resources */ = {isa = PBXBuildFile; fileRef = 8EC624462254F07C00E122F8 /* Progress.ttf */; };
		8EC624482254F12F00E122F8 /* Suzuki.ttf in Resources */ = {isa = PBXBuildFile; fileRef = 8EC624452254F07800E122F8 /* Suzuki.ttf */; };
		8EC6244A2254F1B500E122F8 /* UIFont.swift in Sources */ = {isa = PBXBuildFile; fileRef = 8EC624492254F1B500E122F8 /* UIFont.swift */; };
		8EC6244C2254F51500E122F8 /* Router.swift in Sources */ = {isa = PBXBuildFile; fileRef = 8EC6244B2254F51500E122F8 /* Router.swift */; };
		8EC6244E2254F53E00E122F8 /* ViewControllerFactory.swift in Sources */ = {isa = PBXBuildFile; fileRef = 8EC6244D2254F53E00E122F8 /* ViewControllerFactory.swift */; };
		8EC624502255009800E122F8 /* ApiInteractor.swift in Sources */ = {isa = PBXBuildFile; fileRef = 8EC6244F2255009800E122F8 /* ApiInteractor.swift */; };
		8EC6248F2256388300E122F8 /* CoreDataManager.swift in Sources */ = {isa = PBXBuildFile; fileRef = 8EC6248E2256388300E122F8 /* CoreDataManager.swift */; };
		8EC624B82256418900E122F8 /* MyMot.xcdatamodeld in Sources */ = {isa = PBXBuildFile; fileRef = 8EC6240C22538F4600E122F8 /* MyMot.xcdatamodeld */; };
		8EC624BA2256429F00E122F8 /* Location.swift in Sources */ = {isa = PBXBuildFile; fileRef = 8EC624B92256429F00E122F8 /* Location.swift */; };
/* End PBXBuildFile section */

/* Begin PBXFileReference section */
		6802D5A9DE722164446B5B82 /* Pods-MyMot.debug.xcconfig */ = {isa = PBXFileReference; includeInIndex = 1; lastKnownFileType = text.xcconfig; name = "Pods-MyMot.debug.xcconfig"; path = "Pods/Target Support Files/Pods-MyMot/Pods-MyMot.debug.xcconfig"; sourceTree = "<group>"; };
		83F2AC689EDBAAEA66ADF601 /* Pods-MyMot.release.xcconfig */ = {isa = PBXFileReference; includeInIndex = 1; lastKnownFileType = text.xcconfig; name = "Pods-MyMot.release.xcconfig"; path = "Pods/Target Support Files/Pods-MyMot/Pods-MyMot.release.xcconfig"; sourceTree = "<group>"; };
		8E0012B9225B3A930034E8BB /* CoreDataManager+Locations.swift */ = {isa = PBXFileReference; lastKnownFileType = sourcecode.swift; path = "CoreDataManager+Locations.swift"; sourceTree = "<group>"; };
		8E0012BB225B3B080034E8BB /* Category.swift */ = {isa = PBXFileReference; lastKnownFileType = sourcecode.swift; path = Category.swift; sourceTree = "<group>"; };
		8E0012BE225B3B940034E8BB /* CoreDataManager+Categories.swift */ = {isa = PBXFileReference; lastKnownFileType = sourcecode.swift; path = "CoreDataManager+Categories.swift"; sourceTree = "<group>"; };
		8E0012C0225B3E800034E8BB /* CoreDataManager+Models.swift */ = {isa = PBXFileReference; lastKnownFileType = sourcecode.swift; path = "CoreDataManager+Models.swift"; sourceTree = "<group>"; };
		8E0012C2225B3EF60034E8BB /* Model.swift */ = {isa = PBXFileReference; lastKnownFileType = sourcecode.swift; path = Model.swift; sourceTree = "<group>"; };
		8E0012C4225B41A80034E8BB /* CoreDataManager+Manufacturer.swift */ = {isa = PBXFileReference; lastKnownFileType = sourcecode.swift; path = "CoreDataManager+Manufacturer.swift"; sourceTree = "<group>"; };
		8E0012C6225B42A70034E8BB /* Manufacturer.swift */ = {isa = PBXFileReference; lastKnownFileType = sourcecode.swift; path = Manufacturer.swift; sourceTree = "<group>"; };
		8E0FB2F1225B967B001753C4 /* UIView.swift */ = {isa = PBXFileReference; lastKnownFileType = sourcecode.swift; path = UIView.swift; sourceTree = "<group>"; };
		8E0FB2F3225B989F001753C4 /* CatalogSlideCell.swift */ = {isa = PBXFileReference; lastKnownFileType = sourcecode.swift; path = CatalogSlideCell.swift; sourceTree = "<group>"; };
		8E0FB2F4225B989F001753C4 /* CatalogSlideCell.xib */ = {isa = PBXFileReference; lastKnownFileType = file.xib; path = CatalogSlideCell.xib; sourceTree = "<group>"; };
		8E0FB2F7225B9C79001753C4 /* CellTypes.swift */ = {isa = PBXFileReference; lastKnownFileType = sourcecode.swift; path = CellTypes.swift; sourceTree = "<group>"; };
		8E0FB2FA225B9DB2001753C4 /* CellProtocols.swift */ = {isa = PBXFileReference; lastKnownFileType = sourcecode.swift; path = CellProtocols.swift; sourceTree = "<group>"; };
		8E0FB2FE225BA0F7001753C4 /* UIScreen.swift */ = {isa = PBXFileReference; lastKnownFileType = sourcecode.swift; path = UIScreen.swift; sourceTree = "<group>"; };
		8E0FB300225BA2CD001753C4 /* Cell.swift */ = {isa = PBXFileReference; lastKnownFileType = sourcecode.swift; path = Cell.swift; sourceTree = "<group>"; };
		8E0FB302225BA2F8001753C4 /* Section.swift */ = {isa = PBXFileReference; lastKnownFileType = sourcecode.swift; path = Section.swift; sourceTree = "<group>"; };
		8E0FB304225BA368001753C4 /* DataSource.swift */ = {isa = PBXFileReference; lastKnownFileType = sourcecode.swift; path = DataSource.swift; sourceTree = "<group>"; };
		8E0FB307225BA3B2001753C4 /* TableView.swift */ = {isa = PBXFileReference; lastKnownFileType = sourcecode.swift; path = TableView.swift; sourceTree = "<group>"; };
		8E0FB30C225C7AE8001753C4 /* UIImageView.swift */ = {isa = PBXFileReference; lastKnownFileType = sourcecode.swift; path = UIImageView.swift; sourceTree = "<group>"; };
		8E0FB321225E066E001753C4 /* UniversalViewController.swift */ = {isa = PBXFileReference; lastKnownFileType = sourcecode.swift; path = UniversalViewController.swift; sourceTree = "<group>"; };
		8E0FB323225E0BA0001753C4 /* CatalogByClassViewController.swift */ = {isa = PBXFileReference; lastKnownFileType = sourcecode.swift; path = CatalogByClassViewController.swift; sourceTree = "<group>"; };
		8E0FB325225E0D04001753C4 /* CatalogByManufacturerViewController.swift */ = {isa = PBXFileReference; lastKnownFileType = sourcecode.swift; path = CatalogByManufacturerViewController.swift; sourceTree = "<group>"; };
		8E0FB327225E0D78001753C4 /* CatalogSliderCell.swift */ = {isa = PBXFileReference; lastKnownFileType = sourcecode.swift; path = CatalogSliderCell.swift; sourceTree = "<group>"; };
		8E0FB328225E0D78001753C4 /* CatalogSliderCell.xib */ = {isa = PBXFileReference; lastKnownFileType = file.xib; path = CatalogSliderCell.xib; sourceTree = "<group>"; };
		8E0FB32C225E3B60001753C4 /* CatalogModelViewController.swift */ = {isa = PBXFileReference; lastKnownFileType = sourcecode.swift; path = CatalogModelViewController.swift; sourceTree = "<group>"; };
		8E0FB32D225E3B60001753C4 /* CatalogModelViewController.xib */ = {isa = PBXFileReference; lastKnownFileType = file.xib; path = CatalogModelViewController.xib; sourceTree = "<group>"; };
		8E3E9355226ECA9D006573FA /* CollectionView.swift */ = {isa = PBXFileReference; lastKnownFileType = sourcecode.swift; path = CollectionView.swift; sourceTree = "<group>"; };
		8E3E9357226ECE7A006573FA /* SearchFeedCell.swift */ = {isa = PBXFileReference; lastKnownFileType = sourcecode.swift; path = SearchFeedCell.swift; sourceTree = "<group>"; };
		8E3E9358226ECE7A006573FA /* SearchFeedCell.xib */ = {isa = PBXFileReference; lastKnownFileType = file.xib; path = SearchFeedCell.xib; sourceTree = "<group>"; };
		8E627B31226EEA5900B44FC6 /* HtmlParser.swift */ = {isa = PBXFileReference; lastKnownFileType = sourcecode.swift; path = HtmlParser.swift; sourceTree = "<group>"; };
		8E627B33226EEC5500B44FC6 /* Advert.swift */ = {isa = PBXFileReference; lastKnownFileType = sourcecode.swift; path = Advert.swift; sourceTree = "<group>"; };
		8E627B35226EED5B00B44FC6 /* CoreDataManager+Adverts.swift */ = {isa = PBXFileReference; lastKnownFileType = sourcecode.swift; path = "CoreDataManager+Adverts.swift"; sourceTree = "<group>"; };
		8E627B37226EF5AF00B44FC6 /* NSError.swift */ = {isa = PBXFileReference; fileEncoding = 4; lastKnownFileType = sourcecode.swift; path = NSError.swift; sourceTree = "<group>"; };
		8E627B39226EFAE400B44FC6 /* SitesInteractor.swift */ = {isa = PBXFileReference; lastKnownFileType = sourcecode.swift; path = SitesInteractor.swift; sourceTree = "<group>"; };
		8E627B41226F5D7600B44FC6 /* CollectionTitleCell.swift */ = {isa = PBXFileReference; lastKnownFileType = sourcecode.swift; path = CollectionTitleCell.swift; sourceTree = "<group>"; };
		8E627B42226F5D7600B44FC6 /* CollectionTitleCell.xib */ = {isa = PBXFileReference; lastKnownFileType = file.xib; path = CollectionTitleCell.xib; sourceTree = "<group>"; };
		8EA0FA1C2260CBA000C18BE3 /* String.swift */ = {isa = PBXFileReference; lastKnownFileType = sourcecode.swift; path = String.swift; sourceTree = "<group>"; };
		8EA0FA1E2260CE1400C18BE3 /* ImagesSliderView.swift */ = {isa = PBXFileReference; lastKnownFileType = sourcecode.swift; path = ImagesSliderView.swift; sourceTree = "<group>"; };
		8EA339A2226199270038863C /* CategoryAboutCell.swift */ = {isa = PBXFileReference; lastKnownFileType = sourcecode.swift; path = CategoryAboutCell.swift; sourceTree = "<group>"; };
		8EA339A3226199270038863C /* CategoryAboutCell.xib */ = {isa = PBXFileReference; lastKnownFileType = file.xib; path = CategoryAboutCell.xib; sourceTree = "<group>"; };
		8EA52519226618ED005D342E /* FilterViewController.swift */ = {isa = PBXFileReference; lastKnownFileType = sourcecode.swift; path = FilterViewController.swift; sourceTree = "<group>"; };
		8EA5251A226618ED005D342E /* FilterViewController.xib */ = {isa = PBXFileReference; lastKnownFileType = file.xib; path = FilterViewController.xib; sourceTree = "<group>"; };
		8EA5251D22661F66005D342E /* SetPriceCell.swift */ = {isa = PBXFileReference; lastKnownFileType = sourcecode.swift; path = SetPriceCell.swift; sourceTree = "<group>"; };
		8EA5251E22661F66005D342E /* SetPriceCell.xib */ = {isa = PBXFileReference; lastKnownFileType = file.xib; path = SetPriceCell.xib; sourceTree = "<group>"; };
		8EAD9E1F2269BF6500B34BEF /* KeyboardManager.swift */ = {isa = PBXFileReference; lastKnownFileType = sourcecode.swift; path = KeyboardManager.swift; sourceTree = "<group>"; };
		8EAF5F402267961E00C5F02B /* UIImage.swift */ = {isa = PBXFileReference; lastKnownFileType = sourcecode.swift; path = UIImage.swift; sourceTree = "<group>"; };
		8EAF5F42226797A700C5F02B /* FilterRegionsViewController.swift */ = {isa = PBXFileReference; lastKnownFileType = sourcecode.swift; path = FilterRegionsViewController.swift; sourceTree = "<group>"; };
		8EAF5F44226797BA00C5F02B /* FilterModelsViewController.swift */ = {isa = PBXFileReference; lastKnownFileType = sourcecode.swift; path = FilterModelsViewController.swift; sourceTree = "<group>"; };
		8EAF5F4622679DBB00C5F02B /* CellAccessoryType.swift */ = {isa = PBXFileReference; lastKnownFileType = sourcecode.swift; path = CellAccessoryType.swift; sourceTree = "<group>"; };
		8EC6240222538F4600E122F8 /* MyMot.app */ = {isa = PBXFileReference; explicitFileType = wrapper.application; includeInIndex = 0; path = MyMot.app; sourceTree = BUILT_PRODUCTS_DIR; };
		8EC6240522538F4600E122F8 /* AppDelegate.swift */ = {isa = PBXFileReference; lastKnownFileType = sourcecode.swift; path = AppDelegate.swift; sourceTree = "<group>"; };
		8EC6240A22538F4600E122F8 /* Base */ = {isa = PBXFileReference; lastKnownFileType = file.storyboard; name = Base; path = Base.lproj/Main.storyboard; sourceTree = "<group>"; };
		8EC6240D22538F4600E122F8 /* MyMot.xcdatamodel */ = {isa = PBXFileReference; lastKnownFileType = wrapper.xcdatamodel; path = MyMot.xcdatamodel; sourceTree = "<group>"; };
		8EC6240F22538F4A00E122F8 /* Assets.xcassets */ = {isa = PBXFileReference; lastKnownFileType = folder.assetcatalog; path = Assets.xcassets; sourceTree = "<group>"; };
		8EC6241222538F4A00E122F8 /* Base */ = {isa = PBXFileReference; lastKnownFileType = file.storyboard; name = Base; path = Base.lproj/LaunchScreen.storyboard; sourceTree = "<group>"; };
		8EC6241422538F4A00E122F8 /* Info.plist */ = {isa = PBXFileReference; lastKnownFileType = text.plist.xml; path = Info.plist; sourceTree = "<group>"; };
		8EC6241E225393EA00E122F8 /* Sources.swift */ = {isa = PBXFileReference; fileEncoding = 4; lastKnownFileType = sourcecode.swift; path = Sources.swift; sourceTree = "<group>"; };
		8EC624242253963F00E122F8 /* Endpoints.swift */ = {isa = PBXFileReference; lastKnownFileType = sourcecode.swift; path = Endpoints.swift; sourceTree = "<group>"; };
		8EC624262253970E00E122F8 /* URL.swift */ = {isa = PBXFileReference; lastKnownFileType = sourcecode.swift; path = URL.swift; sourceTree = "<group>"; };
		8EC62428225399DE00E122F8 /* NetworkService.swift */ = {isa = PBXFileReference; lastKnownFileType = sourcecode.swift; path = NetworkService.swift; sourceTree = "<group>"; };
		8EC6242C2253A1D800E122F8 /* UIColor.swift */ = {isa = PBXFileReference; lastKnownFileType = sourcecode.swift; path = UIColor.swift; sourceTree = "<group>"; };
		8EC6242E2253A45E00E122F8 /* CatalogViewController.swift */ = {isa = PBXFileReference; lastKnownFileType = sourcecode.swift; path = CatalogViewController.swift; sourceTree = "<group>"; };
		8EC624302253A47200E122F8 /* SearchViewController.swift */ = {isa = PBXFileReference; lastKnownFileType = sourcecode.swift; path = SearchViewController.swift; sourceTree = "<group>"; };
		8EC624332253A48500E122F8 /* FavouritesViewController.swift */ = {isa = PBXFileReference; lastKnownFileType = sourcecode.swift; path = FavouritesViewController.swift; sourceTree = "<group>"; };
		8EC624352253AAA100E122F8 /* ModelsListCell.swift */ = {isa = PBXFileReference; lastKnownFileType = sourcecode.swift; path = ModelsListCell.swift; sourceTree = "<group>"; };
		8EC624362253AAA100E122F8 /* ModelsListCell.xib */ = {isa = PBXFileReference; lastKnownFileType = file.xib; path = ModelsListCell.xib; sourceTree = "<group>"; };
		8EC624392253AACA00E122F8 /* AdvertsListCell.swift */ = {isa = PBXFileReference; lastKnownFileType = sourcecode.swift; path = AdvertsListCell.swift; sourceTree = "<group>"; };
		8EC6243A2253AACA00E122F8 /* AdvertsListCell.xib */ = {isa = PBXFileReference; lastKnownFileType = file.xib; path = AdvertsListCell.xib; sourceTree = "<group>"; };
		8EC6243D2253AB3200E122F8 /* SimpleCell.swift */ = {isa = PBXFileReference; lastKnownFileType = sourcecode.swift; path = SimpleCell.swift; sourceTree = "<group>"; };
		8EC6243E2253AB3200E122F8 /* SimpleCell.xib */ = {isa = PBXFileReference; lastKnownFileType = file.xib; path = SimpleCell.xib; sourceTree = "<group>"; };
		8EC624412253ABF000E122F8 /* LoadingViewController.swift */ = {isa = PBXFileReference; lastKnownFileType = sourcecode.swift; path = LoadingViewController.swift; sourceTree = "<group>"; };
		8EC624422253ABF000E122F8 /* LoadingViewController.xib */ = {isa = PBXFileReference; lastKnownFileType = file.xib; path = LoadingViewController.xib; sourceTree = "<group>"; };
		8EC624452254F07800E122F8 /* Suzuki.ttf */ = {isa = PBXFileReference; lastKnownFileType = file; path = Suzuki.ttf; sourceTree = "<group>"; };
		8EC624462254F07C00E122F8 /* Progress.ttf */ = {isa = PBXFileReference; lastKnownFileType = file; path = Progress.ttf; sourceTree = "<group>"; };
		8EC624492254F1B500E122F8 /* UIFont.swift */ = {isa = PBXFileReference; lastKnownFileType = sourcecode.swift; path = UIFont.swift; sourceTree = "<group>"; };
		8EC6244B2254F51500E122F8 /* Router.swift */ = {isa = PBXFileReference; lastKnownFileType = sourcecode.swift; path = Router.swift; sourceTree = "<group>"; };
		8EC6244D2254F53E00E122F8 /* ViewControllerFactory.swift */ = {isa = PBXFileReference; lastKnownFileType = sourcecode.swift; path = ViewControllerFactory.swift; sourceTree = "<group>"; };
		8EC6244F2255009800E122F8 /* ApiInteractor.swift */ = {isa = PBXFileReference; lastKnownFileType = sourcecode.swift; path = ApiInteractor.swift; sourceTree = "<group>"; };
		8EC6248E2256388300E122F8 /* CoreDataManager.swift */ = {isa = PBXFileReference; lastKnownFileType = sourcecode.swift; path = CoreDataManager.swift; sourceTree = "<group>"; };
		8EC624B92256429F00E122F8 /* Location.swift */ = {isa = PBXFileReference; lastKnownFileType = sourcecode.swift; path = Location.swift; sourceTree = "<group>"; };
		B09040197D89841FC6473A72 /* Pods_MyMot.framework */ = {isa = PBXFileReference; explicitFileType = wrapper.framework; includeInIndex = 0; path = Pods_MyMot.framework; sourceTree = BUILT_PRODUCTS_DIR; };
/* End PBXFileReference section */

/* Begin PBXFrameworksBuildPhase section */
		8EC623FF22538F4600E122F8 /* Frameworks */ = {
			isa = PBXFrameworksBuildPhase;
			buildActionMask = 2147483647;
			files = (
				013D9DF5B33DF7671CF5551D /* Pods_MyMot.framework in Frameworks */,
			);
			runOnlyForDeploymentPostprocessing = 0;
		};
/* End PBXFrameworksBuildPhase section */

/* Begin PBXGroup section */
		01DF6AF6B4DD5B17EE08389E /* Pods */ = {
			isa = PBXGroup;
			children = (
				6802D5A9DE722164446B5B82 /* Pods-MyMot.debug.xcconfig */,
				83F2AC689EDBAAEA66ADF601 /* Pods-MyMot.release.xcconfig */,
			);
			name = Pods;
			sourceTree = "<group>";
		};
		8BD46782569FC457B9CE3E35 /* Frameworks */ = {
			isa = PBXGroup;
			children = (
				B09040197D89841FC6473A72 /* Pods_MyMot.framework */,
			);
			name = Frameworks;
			sourceTree = "<group>";
		};
		8E0FB2F9225B9D89001753C4 /* Protocols */ = {
			isa = PBXGroup;
			children = (
				8E0FB2FA225B9DB2001753C4 /* CellProtocols.swift */,
				8E0FB304225BA368001753C4 /* DataSource.swift */,
			);
			path = Protocols;
			sourceTree = "<group>";
		};
		8E0FB306225BA39B001753C4 /* Views */ = {
			isa = PBXGroup;
			children = (
				8E0FB307225BA3B2001753C4 /* TableView.swift */,
				8E3E9355226ECA9D006573FA /* CollectionView.swift */,
				8EA0FA1E2260CE1400C18BE3 /* ImagesSliderView.swift */,
			);
			path = Views;
			sourceTree = "<group>";
		};
		8E0FB309225BA81E001753C4 /* Catalog */ = {
			isa = PBXGroup;
			children = (
				8EC6242E2253A45E00E122F8 /* CatalogViewController.swift */,
				8E0FB323225E0BA0001753C4 /* CatalogByClassViewController.swift */,
				8E0FB325225E0D04001753C4 /* CatalogByManufacturerViewController.swift */,
				8E0FB32C225E3B60001753C4 /* CatalogModelViewController.swift */,
				8E0FB32D225E3B60001753C4 /* CatalogModelViewController.xib */,
			);
			path = Catalog;
			sourceTree = "<group>";
		};
		8E0FB30A225BA82C001753C4 /* Search */ = {
			isa = PBXGroup;
			children = (
				8EC624302253A47200E122F8 /* SearchViewController.swift */,
				8EA52519226618ED005D342E /* FilterViewController.swift */,
				8EA5251A226618ED005D342E /* FilterViewController.xib */,
				8EAF5F42226797A700C5F02B /* FilterRegionsViewController.swift */,
				8EAF5F44226797BA00C5F02B /* FilterModelsViewController.swift */,
			);
			path = Search;
			sourceTree = "<group>";
		};
		8E0FB30B225BA835001753C4 /* Favourites */ = {
			isa = PBXGroup;
			children = (
				8EC624332253A48500E122F8 /* FavouritesViewController.swift */,
			);
			path = Favourites;
			sourceTree = "<group>";
		};
		8EC623F922538F4600E122F8 = {
			isa = PBXGroup;
			children = (
				8EC6240422538F4600E122F8 /* MyMot */,
				8EC6240322538F4600E122F8 /* Products */,
				01DF6AF6B4DD5B17EE08389E /* Pods */,
				8BD46782569FC457B9CE3E35 /* Frameworks */,
			);
			sourceTree = "<group>";
		};
		8EC6240322538F4600E122F8 /* Products */ = {
			isa = PBXGroup;
			children = (
				8EC6240222538F4600E122F8 /* MyMot.app */,
			);
			name = Products;
			sourceTree = "<group>";
		};
		8EC6240422538F4600E122F8 /* MyMot */ = {
			isa = PBXGroup;
			children = (
				8EC6244B2254F51500E122F8 /* Router.swift */,
				8E0FB2F9225B9D89001753C4 /* Protocols */,
				8EC624512255023D00E122F8 /* Interactors */,
				8EC624202253947400E122F8 /* UI */,
				8EC6241C225393AF00E122F8 /* Models */,
				8EC6241A2253939000E122F8 /* Utils */,
				8EC6241D225393BE00E122F8 /* Enums */,
				8EC6241B2253939B00E122F8 /* Extensions */,
				8EC62423225394EF00E122F8 /* Resources */,
				8EC6240522538F4600E122F8 /* AppDelegate.swift */,
				8EC6240922538F4600E122F8 /* Main.storyboard */,
				8EC6240F22538F4A00E122F8 /* Assets.xcassets */,
				8EC6241122538F4A00E122F8 /* LaunchScreen.storyboard */,
				8EC6241422538F4A00E122F8 /* Info.plist */,
				8EC6240C22538F4600E122F8 /* MyMot.xcdatamodeld */,
			);
			path = MyMot;
			sourceTree = "<group>";
		};
		8EC6241A2253939000E122F8 /* Utils */ = {
			isa = PBXGroup;
			children = (
				8EC62428225399DE00E122F8 /* NetworkService.swift */,
				8EC6248E2256388300E122F8 /* CoreDataManager.swift */,
				8E627B35226EED5B00B44FC6 /* CoreDataManager+Adverts.swift */,
				8E0012B9225B3A930034E8BB /* CoreDataManager+Locations.swift */,
				8E0012BE225B3B940034E8BB /* CoreDataManager+Categories.swift */,
				8E0012C0225B3E800034E8BB /* CoreDataManager+Models.swift */,
				8E0012C4225B41A80034E8BB /* CoreDataManager+Manufacturer.swift */,
				8EAD9E1F2269BF6500B34BEF /* KeyboardManager.swift */,
				8E627B31226EEA5900B44FC6 /* HtmlParser.swift */,
			);
			path = Utils;
			sourceTree = "<group>";
		};
		8EC6241B2253939B00E122F8 /* Extensions */ = {
			isa = PBXGroup;
			children = (
				8E627B37226EF5AF00B44FC6 /* NSError.swift */,
				8EC624262253970E00E122F8 /* URL.swift */,
				8EC6242C2253A1D800E122F8 /* UIColor.swift */,
				8EC624492254F1B500E122F8 /* UIFont.swift */,
				8E0FB2F1225B967B001753C4 /* UIView.swift */,
				8E0FB2FE225BA0F7001753C4 /* UIScreen.swift */,
				8E0FB30C225C7AE8001753C4 /* UIImageView.swift */,
				8EA0FA1C2260CBA000C18BE3 /* String.swift */,
				8EAF5F402267961E00C5F02B /* UIImage.swift */,
			);
			path = Extensions;
			sourceTree = "<group>";
		};
		8EC6241C225393AF00E122F8 /* Models */ = {
			isa = PBXGroup;
			children = (
				8E0FB300225BA2CD001753C4 /* Cell.swift */,
				8E0FB302225BA2F8001753C4 /* Section.swift */,
				8E627B33226EEC5500B44FC6 /* Advert.swift */,
				8E0012BB225B3B080034E8BB /* Category.swift */,
				8EC624B92256429F00E122F8 /* Location.swift */,
				8E0012C6225B42A70034E8BB /* Manufacturer.swift */,
				8E0012C2225B3EF60034E8BB /* Model.swift */,
			);
			path = Models;
			sourceTree = "<group>";
		};
		8EC6241D225393BE00E122F8 /* Enums */ = {
			isa = PBXGroup;
			children = (
				8EC6244D2254F53E00E122F8 /* ViewControllerFactory.swift */,
				8E0FB2F7225B9C79001753C4 /* CellTypes.swift */,
				8EAF5F4622679DBB00C5F02B /* CellAccessoryType.swift */,
				8EC624242253963F00E122F8 /* Endpoints.swift */,
				8EC6241E225393EA00E122F8 /* Sources.swift */,
			);
			path = Enums;
			sourceTree = "<group>";
		};
		8EC624202253947400E122F8 /* UI */ = {
			isa = PBXGroup;
			children = (
				8E0FB306225BA39B001753C4 /* Views */,
				8EC624212253947900E122F8 /* Cells */,
				8EC624222253947F00E122F8 /* Controllers */,
			);
			path = UI;
			sourceTree = "<group>";
		};
		8EC624212253947900E122F8 /* Cells */ = {
			isa = PBXGroup;
			children = (
				8EC6243D2253AB3200E122F8 /* SimpleCell.swift */,
				8EC6243E2253AB3200E122F8 /* SimpleCell.xib */,
				8E627B41226F5D7600B44FC6 /* CollectionTitleCell.swift */,
				8E627B42226F5D7600B44FC6 /* CollectionTitleCell.xib */,
				8EA5251D22661F66005D342E /* SetPriceCell.swift */,
				8EA5251E22661F66005D342E /* SetPriceCell.xib */,
				8EC624392253AACA00E122F8 /* AdvertsListCell.swift */,
				8EC6243A2253AACA00E122F8 /* AdvertsListCell.xib */,
				8EC624352253AAA100E122F8 /* ModelsListCell.swift */,
				8EC624362253AAA100E122F8 /* ModelsListCell.xib */,
				8E0FB327225E0D78001753C4 /* CatalogSliderCell.swift */,
				8E0FB328225E0D78001753C4 /* CatalogSliderCell.xib */,
				8E0FB2F3225B989F001753C4 /* CatalogSlideCell.swift */,
				8E0FB2F4225B989F001753C4 /* CatalogSlideCell.xib */,
				8EA339A2226199270038863C /* CategoryAboutCell.swift */,
				8EA339A3226199270038863C /* CategoryAboutCell.xib */,
				8E3E9357226ECE7A006573FA /* SearchFeedCell.swift */,
				8E3E9358226ECE7A006573FA /* SearchFeedCell.xib */,
			);
			path = Cells;
			sourceTree = "<group>";
		};
		8EC624222253947F00E122F8 /* Controllers */ = {
			isa = PBXGroup;
			children = (
				8E0FB321225E066E001753C4 /* UniversalViewController.swift */,
				8E0FB309225BA81E001753C4 /* Catalog */,
				8E0FB30A225BA82C001753C4 /* Search */,
				8E0FB30B225BA835001753C4 /* Favourites */,
				8EC624412253ABF000E122F8 /* LoadingViewController.swift */,
				8EC624422253ABF000E122F8 /* LoadingViewController.xib */,
			);
			path = Controllers;
			sourceTree = "<group>";
		};
		8EC62423225394EF00E122F8 /* Resources */ = {
			isa = PBXGroup;
			children = (
				8EC624462254F07C00E122F8 /* Progress.ttf */,
				8EC624452254F07800E122F8 /* Suzuki.ttf */,
			);
			path = Resources;
			sourceTree = "<group>";
		};
		8EC624512255023D00E122F8 /* Interactors */ = {
			isa = PBXGroup;
			children = (
				8EC6244F2255009800E122F8 /* ApiInteractor.swift */,
				8E627B39226EFAE400B44FC6 /* SitesInteractor.swift */,
			);
			path = Interactors;
			sourceTree = "<group>";
		};
/* End PBXGroup section */

/* Begin PBXNativeTarget section */
		8EC6240122538F4600E122F8 /* MyMot */ = {
			isa = PBXNativeTarget;
			buildConfigurationList = 8EC6241722538F4A00E122F8 /* Build configuration list for PBXNativeTarget "MyMot" */;
			buildPhases = (
				912FFC6F413AECCCEC471566 /* [CP] Check Pods Manifest.lock */,
				8EC623FE22538F4600E122F8 /* Sources */,
				8EC623FF22538F4600E122F8 /* Frameworks */,
				8EC6240022538F4600E122F8 /* Resources */,
				04286BC19E666F1E72D2C9E1 /* [CP] Embed Pods Frameworks */,
			);
			buildRules = (
			);
			dependencies = (
			);
			name = MyMot;
			productName = MyMot;
			productReference = 8EC6240222538F4600E122F8 /* MyMot.app */;
			productType = "com.apple.product-type.application";
		};
/* End PBXNativeTarget section */

/* Begin PBXProject section */
		8EC623FA22538F4600E122F8 /* Project object */ = {
			isa = PBXProject;
			attributes = {
				LastSwiftUpdateCheck = 1010;
				LastUpgradeCheck = 1010;
				ORGANIZATIONNAME = "Michail Solyanic";
				TargetAttributes = {
					8EC6240122538F4600E122F8 = {
						CreatedOnToolsVersion = 10.1;
						LastSwiftMigration = 1020;
					};
				};
			};
			buildConfigurationList = 8EC623FD22538F4600E122F8 /* Build configuration list for PBXProject "MyMot" */;
			compatibilityVersion = "Xcode 9.3";
			developmentRegion = en;
			hasScannedForEncodings = 0;
			knownRegions = (
				en,
				Base,
			);
			mainGroup = 8EC623F922538F4600E122F8;
			productRefGroup = 8EC6240322538F4600E122F8 /* Products */;
			projectDirPath = "";
			projectRoot = "";
			targets = (
				8EC6240122538F4600E122F8 /* MyMot */,
			);
		};
/* End PBXProject section */

/* Begin PBXResourcesBuildPhase section */
		8EC6240022538F4600E122F8 /* Resources */ = {
			isa = PBXResourcesBuildPhase;
			buildActionMask = 2147483647;
			files = (
				8EA5251C226618ED005D342E /* FilterViewController.xib in Resources */,
				8E627B44226F5D7600B44FC6 /* CollectionTitleCell.xib in Resources */,
				8E0FB2F6225B989F001753C4 /* CatalogSlideCell.xib in Resources */,
				8EC624482254F12F00E122F8 /* Suzuki.ttf in Resources */,
				8E0FB32F225E3B60001753C4 /* CatalogModelViewController.xib in Resources */,
				8EA339A5226199270038863C /* CategoryAboutCell.xib in Resources */,
				8EC624442253ABF000E122F8 /* LoadingViewController.xib in Resources */,
				8EC6241322538F4A00E122F8 /* LaunchScreen.storyboard in Resources */,
				8EC624402253AB3200E122F8 /* SimpleCell.xib in Resources */,
				8EC6241022538F4A00E122F8 /* Assets.xcassets in Resources */,
				8EC6243C2253AACA00E122F8 /* AdvertsListCell.xib in Resources */,
				8EC624472254F12D00E122F8 /* Progress.ttf in Resources */,
				8EA5252022661F66005D342E /* SetPriceCell.xib in Resources */,
				8EC6240B22538F4600E122F8 /* Main.storyboard in Resources */,
				8E3E935A226ECE7A006573FA /* SearchFeedCell.xib in Resources */,
				8EC624382253AAA100E122F8 /* ModelsListCell.xib in Resources */,
				8E0FB32A225E0D78001753C4 /* CatalogSliderCell.xib in Resources */,
			);
			runOnlyForDeploymentPostprocessing = 0;
		};
/* End PBXResourcesBuildPhase section */

/* Begin PBXShellScriptBuildPhase section */
		04286BC19E666F1E72D2C9E1 /* [CP] Embed Pods Frameworks */ = {
			isa = PBXShellScriptBuildPhase;
			buildActionMask = 2147483647;
			files = (
			);
			inputFileListPaths = (
			);
			inputPaths = (
				"${SRCROOT}/Pods/Target Support Files/Pods-MyMot/Pods-MyMot-frameworks.sh",
				"${BUILT_PRODUCTS_DIR}/Alamofire/Alamofire.framework",
				"${BUILT_PRODUCTS_DIR}/InputMask/InputMask.framework",
				"${BUILT_PRODUCTS_DIR}/SDWebImage/SDWebImage.framework",
				"${BUILT_PRODUCTS_DIR}/SwiftSoup/SwiftSoup.framework",
				"${BUILT_PRODUCTS_DIR}/SwiftyJSON/SwiftyJSON.framework",
			);
			name = "[CP] Embed Pods Frameworks";
			outputFileListPaths = (
			);
			outputPaths = (
				"${TARGET_BUILD_DIR}/${FRAMEWORKS_FOLDER_PATH}/Alamofire.framework",
				"${TARGET_BUILD_DIR}/${FRAMEWORKS_FOLDER_PATH}/InputMask.framework",
				"${TARGET_BUILD_DIR}/${FRAMEWORKS_FOLDER_PATH}/SDWebImage.framework",
				"${TARGET_BUILD_DIR}/${FRAMEWORKS_FOLDER_PATH}/SwiftSoup.framework",
				"${TARGET_BUILD_DIR}/${FRAMEWORKS_FOLDER_PATH}/SwiftyJSON.framework",
			);
			runOnlyForDeploymentPostprocessing = 0;
			shellPath = /bin/sh;
			shellScript = "\"${SRCROOT}/Pods/Target Support Files/Pods-MyMot/Pods-MyMot-frameworks.sh\"\n";
			showEnvVarsInLog = 0;
		};
		912FFC6F413AECCCEC471566 /* [CP] Check Pods Manifest.lock */ = {
			isa = PBXShellScriptBuildPhase;
			buildActionMask = 2147483647;
			files = (
			);
			inputFileListPaths = (
			);
			inputPaths = (
				"${PODS_PODFILE_DIR_PATH}/Podfile.lock",
				"${PODS_ROOT}/Manifest.lock",
			);
			name = "[CP] Check Pods Manifest.lock";
			outputFileListPaths = (
			);
			outputPaths = (
				"$(DERIVED_FILE_DIR)/Pods-MyMot-checkManifestLockResult.txt",
			);
			runOnlyForDeploymentPostprocessing = 0;
			shellPath = /bin/sh;
			shellScript = "diff \"${PODS_PODFILE_DIR_PATH}/Podfile.lock\" \"${PODS_ROOT}/Manifest.lock\" > /dev/null\nif [ $? != 0 ] ; then\n    # print error to STDERR\n    echo \"error: The sandbox is not in sync with the Podfile.lock. Run 'pod install' or update your CocoaPods installation.\" >&2\n    exit 1\nfi\n# This output is used by Xcode 'outputs' to avoid re-running this script phase.\necho \"SUCCESS\" > \"${SCRIPT_OUTPUT_FILE_0}\"\n";
			showEnvVarsInLog = 0;
		};
/* End PBXShellScriptBuildPhase section */

/* Begin PBXSourcesBuildPhase section */
		8EC623FE22538F4600E122F8 /* Sources */ = {
			isa = PBXSourcesBuildPhase;
			buildActionMask = 2147483647;
			files = (
				8E0FB324225E0BA0001753C4 /* CatalogByClassViewController.swift in Sources */,
				8EA5251F22661F66005D342E /* SetPriceCell.swift in Sources */,
				8E627B3A226EFAE400B44FC6 /* SitesInteractor.swift in Sources */,
				8EAF5F4722679DBB00C5F02B /* CellAccessoryType.swift in Sources */,
				8E3E9359226ECE7A006573FA /* SearchFeedCell.swift in Sources */,
				8EC624312253A47200E122F8 /* SearchViewController.swift in Sources */,
				8E627B32226EEA5900B44FC6 /* HtmlParser.swift in Sources */,
				8EC6243F2253AB3200E122F8 /* SimpleCell.swift in Sources */,
				8EC624BA2256429F00E122F8 /* Location.swift in Sources */,
				8E0FB308225BA3B2001753C4 /* TableView.swift in Sources */,
				8EC624432253ABF000E122F8 /* LoadingViewController.swift in Sources */,
				8E0FB329225E0D78001753C4 /* CatalogSliderCell.swift in Sources */,
				8EA339A4226199270038863C /* CategoryAboutCell.swift in Sources */,
				8EC6241F225393EA00E122F8 /* Sources.swift in Sources */,
				8E627B43226F5D7600B44FC6 /* CollectionTitleCell.swift in Sources */,
				8E0FB301225BA2CD001753C4 /* Cell.swift in Sources */,
				8EC624342253A48500E122F8 /* FavouritesViewController.swift in Sources */,
				8EAF5F43226797A700C5F02B /* FilterRegionsViewController.swift in Sources */,
				8EC624B82256418900E122F8 /* MyMot.xcdatamodeld in Sources */,
				8E0FB305225BA368001753C4 /* DataSource.swift in Sources */,
				8EAD9E202269BF6500B34BEF /* KeyboardManager.swift in Sources */,
				8E3E9356226ECA9D006573FA /* CollectionView.swift in Sources */,
				8EA0FA1F2260CE1400C18BE3 /* ImagesSliderView.swift in Sources */,
				8E627B34226EEC5500B44FC6 /* Advert.swift in Sources */,
				8E0012C5225B41A80034E8BB /* CoreDataManager+Manufacturer.swift in Sources */,
				8E0FB30D225C7AE8001753C4 /* UIImageView.swift in Sources */,
				8E0FB303225BA2F8001753C4 /* Section.swift in Sources */,
				8EC6240622538F4600E122F8 /* AppDelegate.swift in Sources */,
				8EC6242D2253A1D800E122F8 /* UIColor.swift in Sources */,
				8EC6243B2253AACA00E122F8 /* AdvertsListCell.swift in Sources */,
				8E627B36226EED5B00B44FC6 /* CoreDataManager+Adverts.swift in Sources */,
				8EA5251B226618ED005D342E /* FilterViewController.swift in Sources */,
				8E0012C3225B3EF60034E8BB /* Model.swift in Sources */,
				8EC62429225399DE00E122F8 /* NetworkService.swift in Sources */,
				8EC6244C2254F51500E122F8 /* Router.swift in Sources */,
				8E0FB326225E0D04001753C4 /* CatalogByManufacturerViewController.swift in Sources */,
				8EC624372253AAA100E122F8 /* ModelsListCell.swift in Sources */,
				8E0FB2F8225B9C79001753C4 /* CellTypes.swift in Sources */,
				8E0FB2F5225B989F001753C4 /* CatalogSlideCell.swift in Sources */,
				8EC6244A2254F1B500E122F8 /* UIFont.swift in Sources */,
				8EC6242F2253A45E00E122F8 /* CatalogViewController.swift in Sources */,
				8E0012C7225B42A70034E8BB /* Manufacturer.swift in Sources */,
				8EC6244E2254F53E00E122F8 /* ViewControllerFactory.swift in Sources */,
				8EAF5F412267961E00C5F02B /* UIImage.swift in Sources */,
				8EC6248F2256388300E122F8 /* CoreDataManager.swift in Sources */,
				8EC624252253963F00E122F8 /* Endpoints.swift in Sources */,
				8E0012BA225B3A930034E8BB /* CoreDataManager+Locations.swift in Sources */,
				8E0012BF225B3B940034E8BB /* CoreDataManager+Categories.swift in Sources */,
				8EA0FA1D2260CBA000C18BE3 /* String.swift in Sources */,
				8E627B38226EF5AF00B44FC6 /* NSError.swift in Sources */,
				8E0012C1225B3E800034E8BB /* CoreDataManager+Models.swift in Sources */,
				8E0FB2F2225B967B001753C4 /* UIView.swift in Sources */,
				8EAF5F45226797BA00C5F02B /* FilterModelsViewController.swift in Sources */,
				8E0FB2FF225BA0F7001753C4 /* UIScreen.swift in Sources */,
				8EC624272253970E00E122F8 /* URL.swift in Sources */,
				8E0FB32E225E3B60001753C4 /* CatalogModelViewController.swift in Sources */,
				8EC624502255009800E122F8 /* ApiInteractor.swift in Sources */,
				8E0FB322225E066E001753C4 /* UniversalViewController.swift in Sources */,
				8E0012BC225B3B080034E8BB /* Category.swift in Sources */,
				8E0FB2FB225B9DB2001753C4 /* CellProtocols.swift in Sources */,
			);
			runOnlyForDeploymentPostprocessing = 0;
		};
/* End PBXSourcesBuildPhase section */

/* Begin PBXVariantGroup section */
		8EC6240922538F4600E122F8 /* Main.storyboard */ = {
			isa = PBXVariantGroup;
			children = (
				8EC6240A22538F4600E122F8 /* Base */,
			);
			name = Main.storyboard;
			sourceTree = "<group>";
		};
		8EC6241122538F4A00E122F8 /* LaunchScreen.storyboard */ = {
			isa = PBXVariantGroup;
			children = (
				8EC6241222538F4A00E122F8 /* Base */,
			);
			name = LaunchScreen.storyboard;
			sourceTree = "<group>";
		};
/* End PBXVariantGroup section */

/* Begin XCBuildConfiguration section */
		8EC6241522538F4A00E122F8 /* Debug */ = {
			isa = XCBuildConfiguration;
			buildSettings = {
				ALWAYS_SEARCH_USER_PATHS = NO;
				CLANG_ANALYZER_NONNULL = YES;
				CLANG_ANALYZER_NUMBER_OBJECT_CONVERSION = YES_AGGRESSIVE;
				CLANG_CXX_LANGUAGE_STANDARD = "gnu++14";
				CLANG_CXX_LIBRARY = "libc++";
				CLANG_ENABLE_MODULES = YES;
				CLANG_ENABLE_OBJC_ARC = YES;
				CLANG_ENABLE_OBJC_WEAK = YES;
				CLANG_WARN_BLOCK_CAPTURE_AUTORELEASING = YES;
				CLANG_WARN_BOOL_CONVERSION = YES;
				CLANG_WARN_COMMA = YES;
				CLANG_WARN_CONSTANT_CONVERSION = YES;
				CLANG_WARN_DEPRECATED_OBJC_IMPLEMENTATIONS = YES;
				CLANG_WARN_DIRECT_OBJC_ISA_USAGE = YES_ERROR;
				CLANG_WARN_DOCUMENTATION_COMMENTS = YES;
				CLANG_WARN_EMPTY_BODY = YES;
				CLANG_WARN_ENUM_CONVERSION = YES;
				CLANG_WARN_INFINITE_RECURSION = YES;
				CLANG_WARN_INT_CONVERSION = YES;
				CLANG_WARN_NON_LITERAL_NULL_CONVERSION = YES;
				CLANG_WARN_OBJC_IMPLICIT_RETAIN_SELF = YES;
				CLANG_WARN_OBJC_LITERAL_CONVERSION = YES;
				CLANG_WARN_OBJC_ROOT_CLASS = YES_ERROR;
				CLANG_WARN_RANGE_LOOP_ANALYSIS = YES;
				CLANG_WARN_STRICT_PROTOTYPES = YES;
				CLANG_WARN_SUSPICIOUS_MOVE = YES;
				CLANG_WARN_UNGUARDED_AVAILABILITY = YES_AGGRESSIVE;
				CLANG_WARN_UNREACHABLE_CODE = YES;
				CLANG_WARN__DUPLICATE_METHOD_MATCH = YES;
				CODE_SIGN_IDENTITY = "iPhone Developer";
				COPY_PHASE_STRIP = NO;
				DEBUG_INFORMATION_FORMAT = dwarf;
				ENABLE_STRICT_OBJC_MSGSEND = YES;
				ENABLE_TESTABILITY = YES;
				GCC_C_LANGUAGE_STANDARD = gnu11;
				GCC_DYNAMIC_NO_PIC = NO;
				GCC_NO_COMMON_BLOCKS = YES;
				GCC_OPTIMIZATION_LEVEL = 0;
				GCC_PREPROCESSOR_DEFINITIONS = (
					"DEBUG=1",
					"$(inherited)",
				);
				GCC_WARN_64_TO_32_BIT_CONVERSION = YES;
				GCC_WARN_ABOUT_RETURN_TYPE = YES_ERROR;
				GCC_WARN_UNDECLARED_SELECTOR = YES;
				GCC_WARN_UNINITIALIZED_AUTOS = YES_AGGRESSIVE;
				GCC_WARN_UNUSED_FUNCTION = YES;
				GCC_WARN_UNUSED_VARIABLE = YES;
				IPHONEOS_DEPLOYMENT_TARGET = 12.1;
				MTL_ENABLE_DEBUG_INFO = INCLUDE_SOURCE;
				MTL_FAST_MATH = YES;
				ONLY_ACTIVE_ARCH = YES;
				SDKROOT = iphoneos;
				SWIFT_ACTIVE_COMPILATION_CONDITIONS = DEBUG;
				SWIFT_OPTIMIZATION_LEVEL = "-Onone";
			};
			name = Debug;
		};
		8EC6241622538F4A00E122F8 /* Release */ = {
			isa = XCBuildConfiguration;
			buildSettings = {
				ALWAYS_SEARCH_USER_PATHS = NO;
				CLANG_ANALYZER_NONNULL = YES;
				CLANG_ANALYZER_NUMBER_OBJECT_CONVERSION = YES_AGGRESSIVE;
				CLANG_CXX_LANGUAGE_STANDARD = "gnu++14";
				CLANG_CXX_LIBRARY = "libc++";
				CLANG_ENABLE_MODULES = YES;
				CLANG_ENABLE_OBJC_ARC = YES;
				CLANG_ENABLE_OBJC_WEAK = YES;
				CLANG_WARN_BLOCK_CAPTURE_AUTORELEASING = YES;
				CLANG_WARN_BOOL_CONVERSION = YES;
				CLANG_WARN_COMMA = YES;
				CLANG_WARN_CONSTANT_CONVERSION = YES;
				CLANG_WARN_DEPRECATED_OBJC_IMPLEMENTATIONS = YES;
				CLANG_WARN_DIRECT_OBJC_ISA_USAGE = YES_ERROR;
				CLANG_WARN_DOCUMENTATION_COMMENTS = YES;
				CLANG_WARN_EMPTY_BODY = YES;
				CLANG_WARN_ENUM_CONVERSION = YES;
				CLANG_WARN_INFINITE_RECURSION = YES;
				CLANG_WARN_INT_CONVERSION = YES;
				CLANG_WARN_NON_LITERAL_NULL_CONVERSION = YES;
				CLANG_WARN_OBJC_IMPLICIT_RETAIN_SELF = YES;
				CLANG_WARN_OBJC_LITERAL_CONVERSION = YES;
				CLANG_WARN_OBJC_ROOT_CLASS = YES_ERROR;
				CLANG_WARN_RANGE_LOOP_ANALYSIS = YES;
				CLANG_WARN_STRICT_PROTOTYPES = YES;
				CLANG_WARN_SUSPICIOUS_MOVE = YES;
				CLANG_WARN_UNGUARDED_AVAILABILITY = YES_AGGRESSIVE;
				CLANG_WARN_UNREACHABLE_CODE = YES;
				CLANG_WARN__DUPLICATE_METHOD_MATCH = YES;
				CODE_SIGN_IDENTITY = "iPhone Developer";
				COPY_PHASE_STRIP = NO;
				DEBUG_INFORMATION_FORMAT = "dwarf-with-dsym";
				ENABLE_NS_ASSERTIONS = NO;
				ENABLE_STRICT_OBJC_MSGSEND = YES;
				GCC_C_LANGUAGE_STANDARD = gnu11;
				GCC_NO_COMMON_BLOCKS = YES;
				GCC_WARN_64_TO_32_BIT_CONVERSION = YES;
				GCC_WARN_ABOUT_RETURN_TYPE = YES_ERROR;
				GCC_WARN_UNDECLARED_SELECTOR = YES;
				GCC_WARN_UNINITIALIZED_AUTOS = YES_AGGRESSIVE;
				GCC_WARN_UNUSED_FUNCTION = YES;
				GCC_WARN_UNUSED_VARIABLE = YES;
				IPHONEOS_DEPLOYMENT_TARGET = 12.1;
				MTL_ENABLE_DEBUG_INFO = NO;
				MTL_FAST_MATH = YES;
				SDKROOT = iphoneos;
				SWIFT_COMPILATION_MODE = wholemodule;
				SWIFT_OPTIMIZATION_LEVEL = "-O";
				VALIDATE_PRODUCT = YES;
			};
			name = Release;
		};
		8EC6241822538F4A00E122F8 /* Debug */ = {
			isa = XCBuildConfiguration;
			baseConfigurationReference = 6802D5A9DE722164446B5B82 /* Pods-MyMot.debug.xcconfig */;
			buildSettings = {
				ASSETCATALOG_COMPILER_APPICON_NAME = AppIcon;
				CODE_SIGN_IDENTITY = "iPhone Developer";
				CODE_SIGN_STYLE = Automatic;
				DEVELOPMENT_TEAM = 7462QGU6J5;
				INFOPLIST_FILE = MyMot/Info.plist;
				IPHONEOS_DEPLOYMENT_TARGET = 11.0;
				LD_RUNPATH_SEARCH_PATHS = (
					"$(inherited)",
					"@executable_path/Frameworks",
				);
				PRODUCT_BUNDLE_IDENTIFIER = michanic.MyMot;
				PRODUCT_NAME = "$(TARGET_NAME)";
				PROVISIONING_PROFILE_SPECIFIER = "";
				SWIFT_VERSION = 5.0;
				TARGETED_DEVICE_FAMILY = 1;
			};
			name = Debug;
		};
		8EC6241922538F4A00E122F8 /* Release */ = {
			isa = XCBuildConfiguration;
			baseConfigurationReference = 83F2AC689EDBAAEA66ADF601 /* Pods-MyMot.release.xcconfig */;
			buildSettings = {
				ASSETCATALOG_COMPILER_APPICON_NAME = AppIcon;
				CODE_SIGN_IDENTITY = "iPhone Developer";
				CODE_SIGN_STYLE = Automatic;
				DEVELOPMENT_TEAM = 7462QGU6J5;
				INFOPLIST_FILE = MyMot/Info.plist;
				IPHONEOS_DEPLOYMENT_TARGET = 11.0;
				LD_RUNPATH_SEARCH_PATHS = (
					"$(inherited)",
					"@executable_path/Frameworks",
				);
				PRODUCT_BUNDLE_IDENTIFIER = michanic.MyMot;
				PRODUCT_NAME = "$(TARGET_NAME)";
				PROVISIONING_PROFILE_SPECIFIER = "";
				SWIFT_VERSION = 5.0;
				TARGETED_DEVICE_FAMILY = 1;
			};
			name = Release;
		};
/* End XCBuildConfiguration section */

/* Begin XCConfigurationList section */
		8EC623FD22538F4600E122F8 /* Build configuration list for PBXProject "MyMot" */ = {
			isa = XCConfigurationList;
			buildConfigurations = (
				8EC6241522538F4A00E122F8 /* Debug */,
				8EC6241622538F4A00E122F8 /* Release */,
			);
			defaultConfigurationIsVisible = 0;
			defaultConfigurationName = Release;
		};
		8EC6241722538F4A00E122F8 /* Build configuration list for PBXNativeTarget "MyMot" */ = {
			isa = XCConfigurationList;
			buildConfigurations = (
				8EC6241822538F4A00E122F8 /* Debug */,
				8EC6241922538F4A00E122F8 /* Release */,
			);
			defaultConfigurationIsVisible = 0;
			defaultConfigurationName = Release;
		};
/* End XCConfigurationList section */

/* Begin XCVersionGroup section */
		8EC6240C22538F4600E122F8 /* MyMot.xcdatamodeld */ = {
			isa = XCVersionGroup;
			children = (
				8EC6240D22538F4600E122F8 /* MyMot.xcdatamodel */,
			);
			currentVersion = 8EC6240D22538F4600E122F8 /* MyMot.xcdatamodel */;
			path = MyMot.xcdatamodeld;
			sourceTree = "<group>";
			versionGroupType = wrapper.xcdatamodel;
		};
/* End XCVersionGroup section */
	};
	rootObject = 8EC623FA22538F4600E122F8 /* Project object */;
}
